
Microsoft Visual Studio Solution File, Format Version 12.00
# Visual Studio Version 17
VisualStudioVersion = 17.0.31903.59
MinimumVisualStudioVersion = 10.0.40219.1
Project("{FAE04EC0-301F-11D3-BF4B-00C04F79EFBC}") = "TollCalculatorTest", "C#\TollCalculatorTest\TollCalculatorTest.csproj", "{B7B42EFF-BDB7-4F8D-B071-BDFB45EC7E8B}"
EndProject
Project("{FAE04EC0-301F-11D3-BF4B-00C04F79EFBC}") = "TollCalculator", "C#\TollCalculator\TollCalculator.csproj", "{873014E2-1B5E-450C-AD9F-14A240E521A4}"
EndProject
Global
	GlobalSection(SolutionConfigurationPlatforms) = preSolution
		Debug|Any CPU = Debug|Any CPU
		Debug|x64 = Debug|x64
		Debug|x86 = Debug|x86
		Release|Any CPU = Release|Any CPU
		Release|x64 = Release|x64
		Release|x86 = Release|x86
	EndGlobalSection
	GlobalSection(ProjectConfigurationPlatforms) = postSolution
		{B7B42EFF-BDB7-4F8D-B071-BDFB45EC7E8B}.Debug|Any CPU.ActiveCfg = Debug|Any CPU
		{B7B42EFF-BDB7-4F8D-B071-BDFB45EC7E8B}.Debug|Any CPU.Build.0 = Debug|Any CPU
		{B7B42EFF-BDB7-4F8D-B071-BDFB45EC7E8B}.Debug|x64.ActiveCfg = Debug|Any CPU
		{B7B42EFF-BDB7-4F8D-B071-BDFB45EC7E8B}.Debug|x64.Build.0 = Debug|Any CPU
		{B7B42EFF-BDB7-4F8D-B071-BDFB45EC7E8B}.Debug|x86.ActiveCfg = Debug|Any CPU
		{B7B42EFF-BDB7-4F8D-B071-BDFB45EC7E8B}.Debug|x86.Build.0 = Debug|Any CPU
		{B7B42EFF-BDB7-4F8D-B071-BDFB45EC7E8B}.Release|Any CPU.ActiveCfg = Release|Any CPU
		{B7B42EFF-BDB7-4F8D-B071-BDFB45EC7E8B}.Release|Any CPU.Build.0 = Release|Any CPU
		{B7B42EFF-BDB7-4F8D-B071-BDFB45EC7E8B}.Release|x64.ActiveCfg = Release|Any CPU
		{B7B42EFF-BDB7-4F8D-B071-BDFB45EC7E8B}.Release|x64.Build.0 = Release|Any CPU
		{B7B42EFF-BDB7-4F8D-B071-BDFB45EC7E8B}.Release|x86.ActiveCfg = Release|Any CPU
		{B7B42EFF-BDB7-4F8D-B071-BDFB45EC7E8B}.Release|x86.Build.0 = Release|Any CPU
		{873014E2-1B5E-450C-AD9F-14A240E521A4}.Debug|Any CPU.ActiveCfg = Debug|Any CPU
		{873014E2-1B5E-450C-AD9F-14A240E521A4}.Debug|Any CPU.Build.0 = Debug|Any CPU
		{873014E2-1B5E-450C-AD9F-14A240E521A4}.Debug|x64.ActiveCfg = Debug|Any CPU
		{873014E2-1B5E-450C-AD9F-14A240E521A4}.Debug|x64.Build.0 = Debug|Any CPU
		{873014E2-1B5E-450C-AD9F-14A240E521A4}.Debug|x86.ActiveCfg = Debug|Any CPU
		{873014E2-1B5E-450C-AD9F-14A240E521A4}.Debug|x86.Build.0 = Debug|Any CPU
		{873014E2-1B5E-450C-AD9F-14A240E521A4}.Release|Any CPU.ActiveCfg = Release|Any CPU
		{873014E2-1B5E-450C-AD9F-14A240E521A4}.Release|Any CPU.Build.0 = Release|Any CPU
		{873014E2-1B5E-450C-AD9F-14A240E521A4}.Release|x64.ActiveCfg = Release|Any CPU
		{873014E2-1B5E-450C-AD9F-14A240E521A4}.Release|x64.Build.0 = Release|Any CPU
		{873014E2-1B5E-450C-AD9F-14A240E521A4}.Release|x86.ActiveCfg = Release|Any CPU
		{873014E2-1B5E-450C-AD9F-14A240E521A4}.Release|x86.Build.0 = Release|Any CPU
	EndGlobalSection
	GlobalSection(SolutionProperties) = preSolution
		HideSolutionNode = FALSE
	EndGlobalSection
	GlobalSection(NestedProjects) = preSolution
		{873014E2-1B5E-450C-AD9F-14A240E521A4} = {1DBD47E2-544B-F58A-27AE-70AE938492FA}
	EndGlobalSection
EndGlobal
